
Microsoft Visual Studio Solution File, Format Version 12.00
# Visual Studio 15
Project("{FAE04EC0-301F-11D3-BF4B-00C04F79EFBC}") = "Assembly-CSharp", "Assembly-CSharp.csproj", "{DC0B5082-C156-43E1-E232-05A4371E951A}"
EndProject
Project("{FAE04EC0-301F-11D3-BF4B-00C04F79EFBC}") = "NavMeshPlus", "NavMeshPlus.csproj", "{B394DC2D-B93D-50C5-06D2-7D0B2C6386D4}"
EndProject
Project("{FAE04EC0-301F-11D3-BF4B-00C04F79EFBC}") = "Assembly-CSharp-Editor", "Assembly-CSharp-Editor.csproj", "{BA35DDC6-33E0-C397-D580-CBDC36FBFD06}"
EndProject
Project("{FAE04EC0-301F-11D3-BF4B-00C04F79EFBC}") = "NavMeshPlusEditor", "NavMeshPlusEditor.csproj", "{19A1678F-4B81-3876-3A75-47D51B956A0A}"
EndProject
Global
	GlobalSection(SolutionConfigurationPlatforms) = preSolution
		Debug|Any CPU = Debug|Any CPU
		Release|Any CPU = Release|Any CPU
	EndGlobalSection
	GlobalSection(ProjectConfigurationPlatforms) = postSolution
		{DC0B5082-C156-43E1-E232-05A4371E951A}.Debug|Any CPU.ActiveCfg = Debug|Any CPU
		{DC0B5082-C156-43E1-E232-05A4371E951A}.Debug|Any CPU.Build.0 = Debug|Any CPU
		{DC0B5082-C156-43E1-E232-05A4371E951A}.Release|Any CPU.ActiveCfg = Release|Any CPU
		{DC0B5082-C156-43E1-E232-05A4371E951A}.Release|Any CPU.Build.0 = Release|Any CPU
		{B394DC2D-B93D-50C5-06D2-7D0B2C6386D4}.Debug|Any CPU.ActiveCfg = Debug|Any CPU
		{B394DC2D-B93D-50C5-06D2-7D0B2C6386D4}.Debug|Any CPU.Build.0 = Debug|Any CPU
		{B394DC2D-B93D-50C5-06D2-7D0B2C6386D4}.Release|Any CPU.ActiveCfg = Release|Any CPU
		{B394DC2D-B93D-50C5-06D2-7D0B2C6386D4}.Release|Any CPU.Build.0 = Release|Any CPU
		{BA35DDC6-33E0-C397-D580-CBDC36FBFD06}.Debug|Any CPU.ActiveCfg = Debug|Any CPU
		{BA35DDC6-33E0-C397-D580-CBDC36FBFD06}.Debug|Any CPU.Build.0 = Debug|Any CPU
		{BA35DDC6-33E0-C397-D580-CBDC36FBFD06}.Release|Any CPU.ActiveCfg = Release|Any CPU
		{BA35DDC6-33E0-C397-D580-CBDC36FBFD06}.Release|Any CPU.Build.0 = Release|Any CPU
		{19A1678F-4B81-3876-3A75-47D51B956A0A}.Debug|Any CPU.ActiveCfg = Debug|Any CPU
		{19A1678F-4B81-3876-3A75-47D51B956A0A}.Debug|Any CPU.Build.0 = Debug|Any CPU
		{19A1678F-4B81-3876-3A75-47D51B956A0A}.Release|Any CPU.ActiveCfg = Release|Any CPU
		{19A1678F-4B81-3876-3A75-47D51B956A0A}.Release|Any CPU.Build.0 = Release|Any CPU
	EndGlobalSection
	GlobalSection(SolutionProperties) = preSolution
		HideSolutionNode = FALSE
	EndGlobalSection
EndGlobal
